
Microsoft Visual Studio Solution File, Format Version 12.00
# Visual Studio 15
VisualStudioVersion = 15.0.27428.2037
MinimumVisualStudioVersion = 10.0.40219.1
Project("{FAE04EC0-301F-11D3-BF4B-00C04F79EFBC}") = "ProjectUni", "ProjectUni\ProjectUni.csproj", "{08135984-6B9C-47DC-9328-7BF3B74B71ED}"
EndProject
Global
	GlobalSection(SolutionConfigurationPlatforms) = preSolution
		Debug|Any CPU = Debug|Any CPU
		Release|Any CPU = Release|Any CPU
	EndGlobalSection
	GlobalSection(ProjectConfigurationPlatforms) = postSolution
		{08135984-6B9C-47DC-9328-7BF3B74B71ED}.Debug|Any CPU.ActiveCfg = Debug|Any CPU
		{08135984-6B9C-47DC-9328-7BF3B74B71ED}.Debug|Any CPU.Build.0 = Debug|Any CPU
		{08135984-6B9C-47DC-9328-7BF3B74B71ED}.Release|Any CPU.ActiveCfg = Release|Any CPU
		{08135984-6B9C-47DC-9328-7BF3B74B71ED}.Release|Any CPU.Build.0 = Release|Any CPU
	EndGlobalSection
	GlobalSection(SolutionProperties) = preSolution
		HideSolutionNode = FALSE
	EndGlobalSection
	GlobalSection(ExtensibilityGlobals) = postSolution
		SolutionGuid = {D15B535C-51E3-45F4-853B-FF4078924362}
	EndGlobalSection
EndGlobal
